// !$*UTF8*$!
{
	archiveVersion = 1;
	classes = {
	};
	objectVersion = 51;
	objects = {

/* Begin PBXBuildFile section */
		51C75907B8FD0D81C35DDE4A /* Pods_AllAbout.framework in Frameworks */ = {isa = PBXBuildFile; fileRef = D870915327CA4C8BA4645D97 /* Pods_AllAbout.framework */; };
		932DEF4D2470451F001645EF /* StyleHelper.swift in Sources */ = {isa = PBXBuildFile; fileRef = 932DEF4C2470451F001645EF /* StyleHelper.swift */; };
		933E746A24647F6E00D4424D /* PersonHelper.swift in Sources */ = {isa = PBXBuildFile; fileRef = 933E746924647F6E00D4424D /* PersonHelper.swift */; };
		934FA3B8245C172700492A89 /* PersonTableViewController.swift in Sources */ = {isa = PBXBuildFile; fileRef = 934FA3B7245C172700492A89 /* PersonTableViewController.swift */; };
		934FA3BC245C8E3D00492A89 /* AddNewPersonViewController.swift in Sources */ = {isa = PBXBuildFile; fileRef = 934FA3BB245C8E3D00492A89 /* AddNewPersonViewController.swift */; };
		93596BB72463FD5900BEB8FE /* Person.swift in Sources */ = {isa = PBXBuildFile; fileRef = 93596BB62463FD5900BEB8FE /* Person.swift */; };
		93AB3088247695D700A25402 /* GoogleService-Info.plist in Resources */ = {isa = PBXBuildFile; fileRef = 93AB3087247695D600A25402 /* GoogleService-Info.plist */; };
		93B2A7FB246BB90A00155E3D /* RegistrationViewController.swift in Sources */ = {isa = PBXBuildFile; fileRef = 93B2A7FA246BB90A00155E3D /* RegistrationViewController.swift */; };
		93B2A7FE246C30A100155E3D /* PersonImageViewCell.swift in Sources */ = {isa = PBXBuildFile; fileRef = 93B2A7FD246C30A100155E3D /* PersonImageViewCell.swift */; };
		93C87A012479A919006CD318 /* Validator.swift in Sources */ = {isa = PBXBuildFile; fileRef = 93C87A002479A919006CD318 /* Validator.swift */; };
		93C87A03247AC645006CD318 /* ProfileTableViewController.swift in Sources */ = {isa = PBXBuildFile; fileRef = 93C87A02247AC645006CD318 /* ProfileTableViewController.swift */; };
		93C87A07247AD64C006CD318 /* ProfileTableViewCell.swift in Sources */ = {isa = PBXBuildFile; fileRef = 93C87A06247AD64C006CD318 /* ProfileTableViewCell.swift */; };
		93C87A0D2481482E006CD318 /* UIExtensions.swift in Sources */ = {isa = PBXBuildFile; fileRef = 93C87A0C2481482E006CD318 /* UIExtensions.swift */; };
		93F71092241A350300A74824 /* AppDelegate.swift in Sources */ = {isa = PBXBuildFile; fileRef = 93F71091241A350300A74824 /* AppDelegate.swift */; };
		93F71094241A350300A74824 /* SceneDelegate.swift in Sources */ = {isa = PBXBuildFile; fileRef = 93F71093241A350300A74824 /* SceneDelegate.swift */; };
		93F71096241A350300A74824 /* LoginController.swift in Sources */ = {isa = PBXBuildFile; fileRef = 93F71095241A350300A74824 /* LoginController.swift */; };
		93F71099241A350300A74824 /* Main.storyboard in Resources */ = {isa = PBXBuildFile; fileRef = 93F71097241A350300A74824 /* Main.storyboard */; };
		93F7109B241A350400A74824 /* Assets.xcassets in Resources */ = {isa = PBXBuildFile; fileRef = 93F7109A241A350400A74824 /* Assets.xcassets */; };
		93F7109E241A350400A74824 /* LaunchScreen.storyboard in Resources */ = {isa = PBXBuildFile; fileRef = 93F7109C241A350400A74824 /* LaunchScreen.storyboard */; };
/* End PBXBuildFile section */

/* Begin PBXFileReference section */
		71D583C00FDB604BB1452416 /* Pods-AllAbout.debug.xcconfig */ = {isa = PBXFileReference; includeInIndex = 1; lastKnownFileType = text.xcconfig; name = "Pods-AllAbout.debug.xcconfig"; path = "Target Support Files/Pods-AllAbout/Pods-AllAbout.debug.xcconfig"; sourceTree = "<group>"; };
		932DEF4C2470451F001645EF /* StyleHelper.swift */ = {isa = PBXFileReference; lastKnownFileType = sourcecode.swift; path = StyleHelper.swift; sourceTree = "<group>"; };
		933E746924647F6E00D4424D /* PersonHelper.swift */ = {isa = PBXFileReference; lastKnownFileType = sourcecode.swift; path = PersonHelper.swift; sourceTree = "<group>"; };
		934FA3B7245C172700492A89 /* PersonTableViewController.swift */ = {isa = PBXFileReference; lastKnownFileType = sourcecode.swift; path = PersonTableViewController.swift; sourceTree = "<group>"; };
		934FA3BB245C8E3D00492A89 /* AddNewPersonViewController.swift */ = {isa = PBXFileReference; lastKnownFileType = sourcecode.swift; path = AddNewPersonViewController.swift; sourceTree = "<group>"; };
		93596BB62463FD5900BEB8FE /* Person.swift */ = {isa = PBXFileReference; lastKnownFileType = sourcecode.swift; path = Person.swift; sourceTree = "<group>"; };
		93AB3087247695D600A25402 /* GoogleService-Info.plist */ = {isa = PBXFileReference; fileEncoding = 4; lastKnownFileType = text.plist.xml; path = "GoogleService-Info.plist"; sourceTree = "<group>"; };
		93B2A7FA246BB90A00155E3D /* RegistrationViewController.swift */ = {isa = PBXFileReference; lastKnownFileType = sourcecode.swift; path = RegistrationViewController.swift; sourceTree = "<group>"; };
		93B2A7FD246C30A100155E3D /* PersonImageViewCell.swift */ = {isa = PBXFileReference; lastKnownFileType = sourcecode.swift; path = PersonImageViewCell.swift; sourceTree = "<group>"; };
		93C87A002479A919006CD318 /* Validator.swift */ = {isa = PBXFileReference; lastKnownFileType = sourcecode.swift; path = Validator.swift; sourceTree = "<group>"; };
		93C87A02247AC645006CD318 /* ProfileTableViewController.swift */ = {isa = PBXFileReference; lastKnownFileType = sourcecode.swift; path = ProfileTableViewController.swift; sourceTree = "<group>"; };
		93C87A06247AD64C006CD318 /* ProfileTableViewCell.swift */ = {isa = PBXFileReference; lastKnownFileType = sourcecode.swift; path = ProfileTableViewCell.swift; sourceTree = "<group>"; };
		93C87A08247C36BB006CD318 /* ru */ = {isa = PBXFileReference; lastKnownFileType = text.plist.strings; name = ru; path = ru.lproj/Main.strings; sourceTree = "<group>"; };
		93C87A09247C36BC006CD318 /* ru */ = {isa = PBXFileReference; lastKnownFileType = text.plist.strings; name = ru; path = ru.lproj/LaunchScreen.strings; sourceTree = "<group>"; };
		93C87A0C2481482E006CD318 /* UIExtensions.swift */ = {isa = PBXFileReference; lastKnownFileType = sourcecode.swift; path = UIExtensions.swift; sourceTree = "<group>"; };
		93F7108E241A350300A74824 /* AllAbout.app */ = {isa = PBXFileReference; explicitFileType = wrapper.application; includeInIndex = 0; path = AllAbout.app; sourceTree = BUILT_PRODUCTS_DIR; };
		93F71091241A350300A74824 /* AppDelegate.swift */ = {isa = PBXFileReference; lastKnownFileType = sourcecode.swift; path = AppDelegate.swift; sourceTree = "<group>"; };
		93F71093241A350300A74824 /* SceneDelegate.swift */ = {isa = PBXFileReference; lastKnownFileType = sourcecode.swift; path = SceneDelegate.swift; sourceTree = "<group>"; };
		93F71095241A350300A74824 /* LoginController.swift */ = {isa = PBXFileReference; lastKnownFileType = sourcecode.swift; path = LoginController.swift; sourceTree = "<group>"; };
		93F71098241A350300A74824 /* Base */ = {isa = PBXFileReference; lastKnownFileType = file.storyboard; name = Base; path = Base.lproj/Main.storyboard; sourceTree = "<group>"; };
		93F7109A241A350400A74824 /* Assets.xcassets */ = {isa = PBXFileReference; lastKnownFileType = folder.assetcatalog; path = Assets.xcassets; sourceTree = "<group>"; };
		93F7109D241A350400A74824 /* Base */ = {isa = PBXFileReference; lastKnownFileType = file.storyboard; name = Base; path = Base.lproj/LaunchScreen.storyboard; sourceTree = "<group>"; };
		93F7109F241A350400A74824 /* Info.plist */ = {isa = PBXFileReference; lastKnownFileType = text.plist.xml; path = Info.plist; sourceTree = "<group>"; };
		A4F4B24E28C5996B2B5BFF33 /* Pods-AllAbout.release.xcconfig */ = {isa = PBXFileReference; includeInIndex = 1; lastKnownFileType = text.xcconfig; name = "Pods-AllAbout.release.xcconfig"; path = "Target Support Files/Pods-AllAbout/Pods-AllAbout.release.xcconfig"; sourceTree = "<group>"; };
		D870915327CA4C8BA4645D97 /* Pods_AllAbout.framework */ = {isa = PBXFileReference; explicitFileType = wrapper.framework; includeInIndex = 0; path = Pods_AllAbout.framework; sourceTree = BUILT_PRODUCTS_DIR; };
/* End PBXFileReference section */

/* Begin PBXFrameworksBuildPhase section */
		93F7108B241A350300A74824 /* Frameworks */ = {
			isa = PBXFrameworksBuildPhase;
			buildActionMask = 2147483647;
			files = (
				51C75907B8FD0D81C35DDE4A /* Pods_AllAbout.framework in Frameworks */,
			);
			runOnlyForDeploymentPostprocessing = 0;
		};
/* End PBXFrameworksBuildPhase section */

/* Begin PBXGroup section */
		6560E67815BAA497D8412CF0 /* Pods */ = {
			isa = PBXGroup;
			children = (
				71D583C00FDB604BB1452416 /* Pods-AllAbout.debug.xcconfig */,
				A4F4B24E28C5996B2B5BFF33 /* Pods-AllAbout.release.xcconfig */,
			);
			path = Pods;
			sourceTree = "<group>";
		};
		6EA585DAB5F8BFC7B02CE006 /* Frameworks */ = {
			isa = PBXGroup;
			children = (
				D870915327CA4C8BA4645D97 /* Pods_AllAbout.framework */,
			);
			name = Frameworks;
			sourceTree = "<group>";
		};
		934FA3B5245AF35800492A89 /* System */ = {
			isa = PBXGroup;
			children = (
				93F71091241A350300A74824 /* AppDelegate.swift */,
				93F7109C241A350400A74824 /* LaunchScreen.storyboard */,
				93F71093241A350300A74824 /* SceneDelegate.swift */,
			);
			path = System;
			sourceTree = "<group>";
		};
		934FA3B6245B082E00492A89 /* MyControllers */ = {
			isa = PBXGroup;
			children = (
				93F71095241A350300A74824 /* LoginController.swift */,
				93B2A7FA246BB90A00155E3D /* RegistrationViewController.swift */,
				934FA3B7245C172700492A89 /* PersonTableViewController.swift */,
				934FA3BB245C8E3D00492A89 /* AddNewPersonViewController.swift */,
				93C87A02247AC645006CD318 /* ProfileTableViewController.swift */,
			);
			path = MyControllers;
			sourceTree = "<group>";
		};
		93596BB82464022B00BEB8FE /* Data */ = {
			isa = PBXGroup;
			children = (
				93596BB62463FD5900BEB8FE /* Person.swift */,
				933E746924647F6E00D4424D /* PersonHelper.swift */,
			);
			path = Data;
			sourceTree = "<group>";
		};
		93AB308924769B7D00A25402 /* Cells */ = {
			isa = PBXGroup;
			children = (
				93B2A7FD246C30A100155E3D /* PersonImageViewCell.swift */,
				93C87A06247AD64C006CD318 /* ProfileTableViewCell.swift */,
			);
			path = Cells;
			sourceTree = "<group>";
		};
		93C879FE24797E1C006CD318 /* Utilites */ = {
			isa = PBXGroup;
			children = (
				932DEF4C2470451F001645EF /* StyleHelper.swift */,
				93C87A002479A919006CD318 /* Validator.swift */,
				93C87A0C2481482E006CD318 /* UIExtensions.swift */,
			);
			path = Utilites;
			sourceTree = "<group>";
		};
		93F71085241A350300A74824 = {
			isa = PBXGroup;
			children = (
				93F71090241A350300A74824 /* AllAbout */,
				93F7108F241A350300A74824 /* Products */,
				6560E67815BAA497D8412CF0 /* Pods */,
				6EA585DAB5F8BFC7B02CE006 /* Frameworks */,
			);
			sourceTree = "<group>";
		};
		93F7108F241A350300A74824 /* Products */ = {
			isa = PBXGroup;
			children = (
				93F7108E241A350300A74824 /* AllAbout.app */,
			);
			name = Products;
			sourceTree = "<group>";
		};
		93F71090241A350300A74824 /* AllAbout */ = {
			isa = PBXGroup;
			children = (
				93F71097241A350300A74824 /* Main.storyboard */,
				934FA3B6245B082E00492A89 /* MyControllers */,
				93AB308924769B7D00A25402 /* Cells */,
				93596BB82464022B00BEB8FE /* Data */,
				93C879FE24797E1C006CD318 /* Utilites */,
				934FA3B5245AF35800492A89 /* System */,
				93F7109A241A350400A74824 /* Assets.xcassets */,
				93F7109F241A350400A74824 /* Info.plist */,
				93AB3087247695D600A25402 /* GoogleService-Info.plist */,
			);
			path = AllAbout;
			sourceTree = "<group>";
		};
/* End PBXGroup section */

/* Begin PBXNativeTarget section */
		93F7108D241A350300A74824 /* AllAbout */ = {
			isa = PBXNativeTarget;
			buildConfigurationList = 93F710A2241A350400A74824 /* Build configuration list for PBXNativeTarget "AllAbout" */;
			buildPhases = (
				D2B7D28F6DB4D82864E2EF66 /* [CP] Check Pods Manifest.lock */,
				937D46B724229BA50010B074 /* Run Script */,
				937C23B8241A366500E0CA86 /* ShellScript */,
				93F7108A241A350300A74824 /* Sources */,
				93F7108B241A350300A74824 /* Frameworks */,
				93F7108C241A350300A74824 /* Resources */,
				334488895B0562839C6474C3 /* [CP] Embed Pods Frameworks */,
			);
			buildRules = (
			);
			dependencies = (
			);
			name = AllAbout;
			productName = AllAbout;
			productReference = 93F7108E241A350300A74824 /* AllAbout.app */;
			productType = "com.apple.product-type.application";
		};
/* End PBXNativeTarget section */

/* Begin PBXProject section */
		93F71086241A350300A74824 /* Project object */ = {
			isa = PBXProject;
			attributes = {
				LastSwiftUpdateCheck = 1130;
				LastUpgradeCheck = 1130;
				ORGANIZATIONNAME = UjiN;
				TargetAttributes = {
					93F7108D241A350300A74824 = {
						CreatedOnToolsVersion = 11.3.1;
					};
				};
			};
			buildConfigurationList = 93F71089241A350300A74824 /* Build configuration list for PBXProject "AllAbout" */;
			compatibilityVersion = "Xcode 9.3";
			developmentRegion = en;
			hasScannedForEncodings = 0;
			knownRegions = (
				en,
				Base,
				ru,
			);
			mainGroup = 93F71085241A350300A74824;
			productRefGroup = 93F7108F241A350300A74824 /* Products */;
			projectDirPath = "";
			projectRoot = "";
			targets = (
				93F7108D241A350300A74824 /* AllAbout */,
			);
		};
/* End PBXProject section */

/* Begin PBXResourcesBuildPhase section */
		93F7108C241A350300A74824 /* Resources */ = {
			isa = PBXResourcesBuildPhase;
			buildActionMask = 2147483647;
			files = (
				93F7109E241A350400A74824 /* LaunchScreen.storyboard in Resources */,
				93AB3088247695D700A25402 /* GoogleService-Info.plist in Resources */,
				93F7109B241A350400A74824 /* Assets.xcassets in Resources */,
				93F71099241A350300A74824 /* Main.storyboard in Resources */,
			);
			runOnlyForDeploymentPostprocessing = 0;
		};
/* End PBXResourcesBuildPhase section */

/* Begin PBXShellScriptBuildPhase section */
		334488895B0562839C6474C3 /* [CP] Embed Pods Frameworks */ = {
			isa = PBXShellScriptBuildPhase;
			buildActionMask = 2147483647;
			files = (
			);
			inputFileListPaths = (
				"${PODS_ROOT}/Target Support Files/Pods-AllAbout/Pods-AllAbout-frameworks-${CONFIGURATION}-input-files.xcfilelist",
			);
			name = "[CP] Embed Pods Frameworks";
			outputFileListPaths = (
				"${PODS_ROOT}/Target Support Files/Pods-AllAbout/Pods-AllAbout-frameworks-${CONFIGURATION}-output-files.xcfilelist",
			);
			runOnlyForDeploymentPostprocessing = 0;
			shellPath = /bin/sh;
			shellScript = "\"${PODS_ROOT}/Target Support Files/Pods-AllAbout/Pods-AllAbout-frameworks.sh\"\n";
			showEnvVarsInLog = 0;
		};
		937C23B8241A366500E0CA86 /* ShellScript */ = {
			isa = PBXShellScriptBuildPhase;
			buildActionMask = 2147483647;
			files = (
			);
			inputFileListPaths = (
			);
			inputPaths = (
			);
			outputFileListPaths = (
			);
			outputPaths = (
			);
			runOnlyForDeploymentPostprocessing = 0;
			shellPath = /bin/sh;
			shellScript = "${PODS_ROOT}/SwiftLint/swiftlint\n";
		};
		937D46B724229BA50010B074 /* Run Script */ = {
			isa = PBXShellScriptBuildPhase;
			buildActionMask = 2147483647;
			files = (
			);
			inputFileListPaths = (
			);
			inputPaths = (
			);
			name = "Run Script";
			outputFileListPaths = (
			);
			outputPaths = (
			);
			runOnlyForDeploymentPostprocessing = 0;
			shellPath = /bin/sh;
			shellScript = "${PODS_ROOT}/SwiftLint/swiftlint\n";
		};
		D2B7D28F6DB4D82864E2EF66 /* [CP] Check Pods Manifest.lock */ = {
			isa = PBXShellScriptBuildPhase;
			buildActionMask = 2147483647;
			files = (
			);
			inputFileListPaths = (
			);
			inputPaths = (
				"${PODS_PODFILE_DIR_PATH}/Podfile.lock",
				"${PODS_ROOT}/Manifest.lock",
			);
			name = "[CP] Check Pods Manifest.lock";
			outputFileListPaths = (
			);
			outputPaths = (
				"$(DERIVED_FILE_DIR)/Pods-AllAbout-checkManifestLockResult.txt",
			);
			runOnlyForDeploymentPostprocessing = 0;
			shellPath = /bin/sh;
			shellScript = "diff \"${PODS_PODFILE_DIR_PATH}/Podfile.lock\" \"${PODS_ROOT}/Manifest.lock\" > /dev/null\nif [ $? != 0 ] ; then\n    # print error to STDERR\n    echo \"error: The sandbox is not in sync with the Podfile.lock. Run 'pod install' or update your CocoaPods installation.\" >&2\n    exit 1\nfi\n# This output is used by Xcode 'outputs' to avoid re-running this script phase.\necho \"SUCCESS\" > \"${SCRIPT_OUTPUT_FILE_0}\"\n";
			showEnvVarsInLog = 0;
		};
/* End PBXShellScriptBuildPhase section */

/* Begin PBXSourcesBuildPhase section */
		93F7108A241A350300A74824 /* Sources */ = {
			isa = PBXSourcesBuildPhase;
			buildActionMask = 2147483647;
			files = (
				93F71096241A350300A74824 /* LoginController.swift in Sources */,
				93C87A0D2481482E006CD318 /* UIExtensions.swift in Sources */,
				934FA3BC245C8E3D00492A89 /* AddNewPersonViewController.swift in Sources */,
				93F71092241A350300A74824 /* AppDelegate.swift in Sources */,
				93C87A012479A919006CD318 /* Validator.swift in Sources */,
				93B2A7FB246BB90A00155E3D /* RegistrationViewController.swift in Sources */,
				932DEF4D2470451F001645EF /* StyleHelper.swift in Sources */,
				93C87A03247AC645006CD318 /* ProfileTableViewController.swift in Sources */,
				93F71094241A350300A74824 /* SceneDelegate.swift in Sources */,
				93B2A7FE246C30A100155E3D /* PersonImageViewCell.swift in Sources */,
				93C87A07247AD64C006CD318 /* ProfileTableViewCell.swift in Sources */,
				933E746A24647F6E00D4424D /* PersonHelper.swift in Sources */,
				93596BB72463FD5900BEB8FE /* Person.swift in Sources */,
				934FA3B8245C172700492A89 /* PersonTableViewController.swift in Sources */,
			);
			runOnlyForDeploymentPostprocessing = 0;
		};
/* End PBXSourcesBuildPhase section */

/* Begin PBXVariantGroup section */
		93F71097241A350300A74824 /* Main.storyboard */ = {
			isa = PBXVariantGroup;
			children = (
				93F71098241A350300A74824 /* Base */,
				93C87A08247C36BB006CD318 /* ru */,
			);
			name = Main.storyboard;
			sourceTree = "<group>";
		};
		93F7109C241A350400A74824 /* LaunchScreen.storyboard */ = {
			isa = PBXVariantGroup;
			children = (
				93F7109D241A350400A74824 /* Base */,
				93C87A09247C36BC006CD318 /* ru */,
			);
			name = LaunchScreen.storyboard;
			sourceTree = "<group>";
		};
/* End PBXVariantGroup section */

/* Begin XCBuildConfiguration section */
		93F710A0241A350400A74824 /* Debug */ = {
			isa = XCBuildConfiguration;
			buildSettings = {
				ALWAYS_SEARCH_USER_PATHS = NO;
				CLANG_ANALYZER_LOCALIZABILITY_NONLOCALIZED = YES;
				CLANG_ANALYZER_NONNULL = YES;
				CLANG_ANALYZER_NUMBER_OBJECT_CONVERSION = YES_AGGRESSIVE;
				CLANG_CXX_LANGUAGE_STANDARD = "gnu++14";
				CLANG_CXX_LIBRARY = "libc++";
				CLANG_ENABLE_MODULES = YES;
				CLANG_ENABLE_OBJC_ARC = YES;
				CLANG_ENABLE_OBJC_WEAK = YES;
				CLANG_WARN_BLOCK_CAPTURE_AUTORELEASING = YES;
				CLANG_WARN_BOOL_CONVERSION = YES;
				CLANG_WARN_COMMA = YES;
				CLANG_WARN_CONSTANT_CONVERSION = YES;
				CLANG_WARN_DEPRECATED_OBJC_IMPLEMENTATIONS = YES;
				CLANG_WARN_DIRECT_OBJC_ISA_USAGE = YES_ERROR;
				CLANG_WARN_DOCUMENTATION_COMMENTS = YES;
				CLANG_WARN_EMPTY_BODY = YES;
				CLANG_WARN_ENUM_CONVERSION = YES;
				CLANG_WARN_INFINITE_RECURSION = YES;
				CLANG_WARN_INT_CONVERSION = YES;
				CLANG_WARN_NON_LITERAL_NULL_CONVERSION = YES;
				CLANG_WARN_OBJC_IMPLICIT_RETAIN_SELF = YES;
				CLANG_WARN_OBJC_LITERAL_CONVERSION = YES;
				CLANG_WARN_OBJC_ROOT_CLASS = YES_ERROR;
				CLANG_WARN_RANGE_LOOP_ANALYSIS = YES;
				CLANG_WARN_STRICT_PROTOTYPES = YES;
				CLANG_WARN_SUSPICIOUS_MOVE = YES;
				CLANG_WARN_UNGUARDED_AVAILABILITY = YES_AGGRESSIVE;
				CLANG_WARN_UNREACHABLE_CODE = YES;
				CLANG_WARN__DUPLICATE_METHOD_MATCH = YES;
				COPY_PHASE_STRIP = NO;
				DEBUG_INFORMATION_FORMAT = dwarf;
				ENABLE_STRICT_OBJC_MSGSEND = YES;
				ENABLE_TESTABILITY = YES;
				GCC_C_LANGUAGE_STANDARD = gnu11;
				GCC_DYNAMIC_NO_PIC = NO;
				GCC_NO_COMMON_BLOCKS = YES;
				GCC_OPTIMIZATION_LEVEL = 0;
				GCC_PREPROCESSOR_DEFINITIONS = (
					"DEBUG=1",
					"$(inherited)",
				);
				GCC_WARN_64_TO_32_BIT_CONVERSION = YES;
				GCC_WARN_ABOUT_RETURN_TYPE = YES_ERROR;
				GCC_WARN_UNDECLARED_SELECTOR = YES;
				GCC_WARN_UNINITIALIZED_AUTOS = YES_AGGRESSIVE;
				GCC_WARN_UNUSED_FUNCTION = YES;
				GCC_WARN_UNUSED_VARIABLE = YES;
				IPHONEOS_DEPLOYMENT_TARGET = 13.4;
				MTL_ENABLE_DEBUG_INFO = INCLUDE_SOURCE;
				MTL_FAST_MATH = YES;
				ONLY_ACTIVE_ARCH = YES;
				SDKROOT = iphoneos;
				SWIFT_ACTIVE_COMPILATION_CONDITIONS = DEBUG;
				SWIFT_OPTIMIZATION_LEVEL = "-Onone";
			};
			name = Debug;
		};
		93F710A1241A350400A74824 /* Release */ = {
			isa = XCBuildConfiguration;
			buildSettings = {
				ALWAYS_SEARCH_USER_PATHS = NO;
				CLANG_ANALYZER_LOCALIZABILITY_NONLOCALIZED = YES;
				CLANG_ANALYZER_NONNULL = YES;
				CLANG_ANALYZER_NUMBER_OBJECT_CONVERSION = YES_AGGRESSIVE;
				CLANG_CXX_LANGUAGE_STANDARD = "gnu++14";
				CLANG_CXX_LIBRARY = "libc++";
				CLANG_ENABLE_MODULES = YES;
				CLANG_ENABLE_OBJC_ARC = YES;
				CLANG_ENABLE_OBJC_WEAK = YES;
				CLANG_WARN_BLOCK_CAPTURE_AUTORELEASING = YES;
				CLANG_WARN_BOOL_CONVERSION = YES;
				CLANG_WARN_COMMA = YES;
				CLANG_WARN_CONSTANT_CONVERSION = YES;
				CLANG_WARN_DEPRECATED_OBJC_IMPLEMENTATIONS = YES;
				CLANG_WARN_DIRECT_OBJC_ISA_USAGE = YES_ERROR;
				CLANG_WARN_DOCUMENTATION_COMMENTS = YES;
				CLANG_WARN_EMPTY_BODY = YES;
				CLANG_WARN_ENUM_CONVERSION = YES;
				CLANG_WARN_INFINITE_RECURSION = YES;
				CLANG_WARN_INT_CONVERSION = YES;
				CLANG_WARN_NON_LITERAL_NULL_CONVERSION = YES;
				CLANG_WARN_OBJC_IMPLICIT_RETAIN_SELF = YES;
				CLANG_WARN_OBJC_LITERAL_CONVERSION = YES;
				CLANG_WARN_OBJC_ROOT_CLASS = YES_ERROR;
				CLANG_WARN_RANGE_LOOP_ANALYSIS = YES;
				CLANG_WARN_STRICT_PROTOTYPES = YES;
				CLANG_WARN_SUSPICIOUS_MOVE = YES;
				CLANG_WARN_UNGUARDED_AVAILABILITY = YES_AGGRESSIVE;
				CLANG_WARN_UNREACHABLE_CODE = YES;
				CLANG_WARN__DUPLICATE_METHOD_MATCH = YES;
				COPY_PHASE_STRIP = NO;
				DEBUG_INFORMATION_FORMAT = "dwarf-with-dsym";
				ENABLE_NS_ASSERTIONS = NO;
				ENABLE_STRICT_OBJC_MSGSEND = YES;
				GCC_C_LANGUAGE_STANDARD = gnu11;
				GCC_NO_COMMON_BLOCKS = YES;
				GCC_WARN_64_TO_32_BIT_CONVERSION = YES;
				GCC_WARN_ABOUT_RETURN_TYPE = YES_ERROR;
				GCC_WARN_UNDECLARED_SELECTOR = YES;
				GCC_WARN_UNINITIALIZED_AUTOS = YES_AGGRESSIVE;
				GCC_WARN_UNUSED_FUNCTION = YES;
				GCC_WARN_UNUSED_VARIABLE = YES;
				IPHONEOS_DEPLOYMENT_TARGET = 13.4;
				MTL_ENABLE_DEBUG_INFO = NO;
				MTL_FAST_MATH = YES;
				SDKROOT = iphoneos;
				SWIFT_COMPILATION_MODE = wholemodule;
				SWIFT_OPTIMIZATION_LEVEL = "-O";
				VALIDATE_PRODUCT = YES;
			};
			name = Release;
		};
		93F710A3241A350400A74824 /* Debug */ = {
			isa = XCBuildConfiguration;
			baseConfigurationReference = 71D583C00FDB604BB1452416 /* Pods-AllAbout.debug.xcconfig */;
			buildSettings = {
				ASSETCATALOG_COMPILER_APPICON_NAME = AppIcon;
				CODE_SIGN_STYLE = Automatic;
				DEVELOPMENT_TEAM = 7DWL845YFQ;
				INFOPLIST_FILE = AllAbout/Info.plist;
				LD_RUNPATH_SEARCH_PATHS = (
					"$(inherited)",
					"@executable_path/Frameworks",
				);
				PRODUCT_BUNDLE_IDENTIFIER = ujin.AllAbout;
				PRODUCT_NAME = "$(TARGET_NAME)";
				SWIFT_VERSION = 5.0;
				TARGETED_DEVICE_FAMILY = "1,2";
			};
			name = Debug;
		};
		93F710A4241A350400A74824 /* Release */ = {
			isa = XCBuildConfiguration;
			baseConfigurationReference = A4F4B24E28C5996B2B5BFF33 /* Pods-AllAbout.release.xcconfig */;
			buildSettings = {
				ASSETCATALOG_COMPILER_APPICON_NAME = AppIcon;
				CODE_SIGN_STYLE = Automatic;
				DEVELOPMENT_TEAM = 7DWL845YFQ;
				INFOPLIST_FILE = AllAbout/Info.plist;
				LD_RUNPATH_SEARCH_PATHS = (
					"$(inherited)",
					"@executable_path/Frameworks",
				);
				PRODUCT_BUNDLE_IDENTIFIER = ujin.AllAbout;
				PRODUCT_NAME = "$(TARGET_NAME)";
				SWIFT_VERSION = 5.0;
				TARGETED_DEVICE_FAMILY = "1,2";
			};
			name = Release;
		};
/* End XCBuildConfiguration section */

/* Begin XCConfigurationList section */
		93F71089241A350300A74824 /* Build configuration list for PBXProject "AllAbout" */ = {
			isa = XCConfigurationList;
			buildConfigurations = (
				93F710A0241A350400A74824 /* Debug */,
				93F710A1241A350400A74824 /* Release */,
			);
			defaultConfigurationIsVisible = 0;
			defaultConfigurationName = Release;
		};
		93F710A2241A350400A74824 /* Build configuration list for PBXNativeTarget "AllAbout" */ = {
			isa = XCConfigurationList;
			buildConfigurations = (
				93F710A3241A350400A74824 /* Debug */,
				93F710A4241A350400A74824 /* Release */,
			);
			defaultConfigurationIsVisible = 0;
			defaultConfigurationName = Release;
		};
/* End XCConfigurationList section */
	};
	rootObject = 93F71086241A350300A74824 /* Project object */;
}
